
Microsoft Visual Studio Solution File, Format Version 12.00
# Visual Studio Version 17
VisualStudioVersion = 17.13.35913.81
MinimumVisualStudioVersion = 10.0.40219.1
Project("{FAE04EC0-301F-11D3-BF4B-00C04F79EFBC}") = "MarkdownViewer", "MarkdownViewer.csproj", "{725CB4A4-86C3-41DC-BB0C-8B230A45D1EE}"
EndProject
Global
	GlobalSection(SolutionConfigurationPlatforms) = preSolution
		Debug|Any CPU = Debug|Any CPU
		Release|Any CPU = Release|Any CPU
		Description = Quick markdown viewer, intended for use via Windows Explorer
	EndGlobalSection
	GlobalSection(ProjectConfigurationPlatforms) = postSolution
		{725CB4A4-86C3-41DC-BB0C-8B230A45D1EE}.Debug|Any CPU.ActiveCfg = Debug|Any CPU
		{725CB4A4-86C3-41DC-BB0C-8B230A45D1EE}.Debug|Any CPU.Build.0 = Debug|Any CPU
		{725CB4A4-86C3-41DC-BB0C-8B230A45D1EE}.Release|Any CPU.ActiveCfg = Release|Any CPU
		{725CB4A4-86C3-41DC-BB0C-8B230A45D1EE}.Release|Any CPU.Build.0 = Release|Any CPU
	EndGlobalSection
	GlobalSection(SolutionProperties) = preSolution
		HideSolutionNode = FALSE
	EndGlobalSection
	GlobalSection(ExtensibilityGlobals) = postSolution
		SolutionGuid = {72BA3345-5F91-475C-9666-0158E91E1A9D}
	EndGlobalSection
EndGlobal
